lockfileVersion: '9.0'

settings:
  autoInstallPeers: true
  excludeLinksFromLockfile: false

importers:

  .:
    dependencies:
      dotenv:
        specifier: ^17.2.1
        version: 17.2.1
      openai:
        specifier: ^5.17.0
        version: 5.17.0

packages:

  dotenv@17.2.1:
    resolution: {integrity: sha512-kQhDYKZecqnM0fCnzI5eIv5L4cAe/iRI+HqMbO/hbRdTAeXDG+M9FjipUxNfbARuEg4iHIbhnhs78BCHNbSxEQ==}
    engines: {node: '>=12'}

  openai@5.17.0:
    resolution: {integrity: sha512-7djpJzihvQ2KlKdfhLcShB+DYQpKW+EPndSM86AvKfXCISnqDYnA/aZtrUWa+VB8zvG/K0rJ6Cmjtd79b64u2w==}
    hasBin: true
    peerDependencies:
      ws: ^8.18.0
      zod: ^3.23.8
    peerDependenciesMeta:
      ws:
        optional: true
      zod:
        optional: true

snapshots:

  dotenv@17.2.1: {}

  openai@5.17.0: {}
